# This file is autogenerated, do not edit; changes may be undone by the next 'dep ensure'.


[[projects]]
  digest = "1:f9ae348e1f793dcf9ed930ed47136a67343dbd6809c5c91391322267f4476892"
  name = "github.com/Microsoft/go-winio"
  packages = ["."]
  pruneopts = "UT"
  revision = "97e4973ce50b2ff5f09635a57e2b88a037aae829"
  version = "v0.4.11"

[[projects]]
  digest = "1:5155f7153c694dc8e2efd74d799a27fd54e65778fa3f0c3e17626df724857db9"
  name = "github.com/coreos/go-systemd"
  packages = ["activation"]
  pruneopts = "UT"
  revision = "39ca1b05acc7ad1220e09f133283b8859a8b71ab"
  version = "v17"

[[projects]]
  digest = "1:5a900d94d96d41ea116d7e6c46717fdf330f35d8bdd116798e2bc0c319f66565"
  name = "github.com/docker/go-connections"
  packages = ["sockets"]
  pruneopts = "UT"
  revision = "7395e3f8aa162843a74ed6d48e79627d9792ac55"
  version = "v0.4.0"

[[projects]]
  branch = "master"
  digest = "1:aeabaa67a712ee97abcf5d244dd0356c0884d56795139bc3ecd135603ffeabc3"
  name = "github.com/docker/go-plugins-helpers"
  packages = [
    "sdk",
    "volume",
  ]
  pruneopts = "UT"
  revision = "39e3ca757823ff8ec10601ed043c02d6d4074be8"

[[projects]]
  digest = "1:4a4785749b54b948fd45be3824c6bb1d606578a440657f7cabc79dbbbdc7c476"
  name = "github.com/go-resty/resty"
  packages = ["."]
  pruneopts = "UT"
  revision = "383acc8a8b687098ee02168c0335a43dfee701f0"
  version = "v1.9.0"

[[projects]]
  digest = "1:97df918963298c287643883209a2c3f642e6593379f97ab400c2a2e219ab647d"
  name = "github.com/golang/protobuf"
  packages = ["proto"]
  pruneopts = "UT"
  revision = "aa810b61a9c79d51363740d207bb46cf8e620ed5"
  version = "v1.2.0"

[[projects]]
  branch = "master"
  digest = "1:f44d34fda864bed6d6c71514cd40b2ee097e6e67f745d5d014113e1faa5af8b7"
  name = "github.com/konsorten/go-windows-terminal-sequences"
  packages = ["."]
  pruneopts = "UT"
  revision = "b729f2633dfe35f4d1d8a32385f6685610ce1cb5"

[[projects]]
  digest = "1:d38820458586511fcb3d95989998a84287f0c60b5b684e2ddb9c28c7da82ccbd"
  name = "github.com/linode/linodego"
  packages = ["."]
  pruneopts = "UT"
  revision = "251edec44a992fc95159d4e0dfac0fa0b7895cc7"
  version = "v0.4.0"

[[projects]]
  digest = "1:dc2d85c13ac22c22a1f3170a41a8e1b897fa05134aaf533f16df44f66a25b4a1"
  name = "github.com/sirupsen/logrus"
  packages = ["."]
  pruneopts = "UT"
  revision = "a67f783a3814b8729bd2dac5780b5f78f8dbd64d"
  version = "v1.1.0"

[[projects]]
  branch = "master"
  digest = "1:3f3a05ae0b95893d90b9b3b5afdb79a9b3d96e4e36e099d841ae602e4aca0da8"
  name = "golang.org/x/crypto"
  packages = ["ssh/terminal"]
  pruneopts = "UT"
  revision = "e3636079e1a4c1f337f212cc5cd2aca108f6c900"

[[projects]]
  branch = "master"
  digest = "1:094f7bb1f423ae3c6284d70f2c3b305c464b184a5bda684a21e5dc6af8749dc2"
  name = "golang.org/x/net"
  packages = [
    "context",
    "context/ctxhttp",
    "idna",
    "internal/socks",
    "proxy",
    "publicsuffix",
  ]
  pruneopts = "UT"
  revision = "8a410e7b638dca158bf9e766925842f6651ff828"

[[projects]]
  branch = "master"
  digest = "1:363b547c971a2b07474c598b6e9ebcb238d556d8a27f37b3895ad20cd50e7281"
  name = "golang.org/x/oauth2"
  packages = [
    ".",
    "internal",
  ]
  pruneopts = "UT"
  revision = "d2e6202438beef2727060aa7cabdd924d92ebfd9"

[[projects]]
  branch = "master"
  digest = "1:9c99029818a3d4f53bcfd6c0158ca068aeacfecb29283f82a1f9c79b8d2a7da4"
  name = "golang.org/x/sys"
  packages = [
    "unix",
    "windows",
  ]
  pruneopts = "UT"
  revision = "d99a578cf41bfccdeaf48b0845c823a4b8b0ad5e"

[[projects]]
  digest = "1:a2ab62866c75542dd18d2b069fec854577a20211d7c0ea6ae746072a1dccdd18"
  name = "golang.org/x/text"
  packages = [
    "collate",
    "collate/build",
    "internal/colltab",
    "internal/gen",
    "internal/tag",
    "internal/triegen",
    "internal/ucd",
    "language",
    "secure/bidirule",
    "transform",
    "unicode/bidi",
    "unicode/cldr",
    "unicode/norm",
    "unicode/rangetable",
  ]
  pruneopts = "UT"
  revision = "f21a4dfb5e38f5895301dc265a8def02365cc3d0"
  version = "v0.3.0"

[[projects]]
  digest = "1:328b5e4f197d928c444a51a75385f4b978915c0e75521f0ad6a3db976c97a7d3"
  name = "google.golang.org/appengine"
  packages = [
    "internal",
    "internal/base",
    "internal/datastore",
    "internal/log",
    "internal/remote_api",
    "internal/urlfetch",
    "urlfetch",
  ]
  pruneopts = "UT"
  revision = "b1f26356af11148e710935ed1ac8a7f5702c7612"
  version = "v1.1.0"

[solve-meta]
  analyzer-name = "dep"
  analyzer-version = 1
  input-imports = [
    "github.com/docker/go-plugins-helpers/volume",
    "github.com/linode/linodego",
    "github.com/sirupsen/logrus",
    "golang.org/x/oauth2",
  ]
  solver-name = "gps-cdcl"
  solver-version = 1
