# This file is autogenerated, do not edit; changes may be undone by the next 'dep ensure'.


[[projects]]
  name = "github.com/Microsoft/go-winio"
  packages = ["."]
  revision = "97e4973ce50b2ff5f09635a57e2b88a037aae829"
  version = "v0.4.11"

[[projects]]
  name = "github.com/coreos/go-systemd"
  packages = ["activation"]
  revision = "39ca1b05acc7ad1220e09f133283b8859a8b71ab"
  version = "v17"

[[projects]]
  name = "github.com/docker/go-connections"
  packages = ["sockets"]
  revision = "7395e3f8aa162843a74ed6d48e79627d9792ac55"
  version = "v0.4.0"

[[projects]]
  branch = "master"
  name = "github.com/docker/go-plugins-helpers"
  packages = [
    "sdk",
    "volume"
  ]
  revision = "39aeefe5db4eb2034cdc56ff43a86f63b4b543bc"

[[projects]]
  name = "github.com/go-resty/resty"
  packages = ["."]
  revision = "d4920dcf5b7689548a6db640278a9b35a5b48ec6"
  version = "v1.9.1"

[[projects]]
  name = "github.com/golang/protobuf"
  packages = ["proto"]
  revision = "aa810b61a9c79d51363740d207bb46cf8e620ed5"
  version = "v1.2.0"

[[projects]]
  name = "github.com/konsorten/go-windows-terminal-sequences"
  packages = ["."]
  revision = "5c8c8bd35d3832f5d134ae1e1e375b69a4d25242"
  version = "v1.0.1"

[[projects]]
  name = "github.com/linode/linodego"
  packages = ["."]
  revision = "251edec44a992fc95159d4e0dfac0fa0b7895cc7"
  version = "v0.4.0"

[[projects]]
  name = "github.com/sirupsen/logrus"
  packages = ["."]
  revision = "ad15b42461921f1fb3529b058c6786c6a45d5162"
  version = "v1.1.1"

[[projects]]
  branch = "master"
  name = "golang.org/x/crypto"
  packages = ["ssh/terminal"]
  revision = "e3636079e1a4c1f337f212cc5cd2aca108f6c900"

[[projects]]
  branch = "master"
  name = "golang.org/x/net"
  packages = [
    "context",
    "context/ctxhttp",
    "idna",
    "internal/socks",
    "proxy",
    "publicsuffix"
  ]
  revision = "146acd28ed5894421fb5aac80ca93bc1b1f46f87"

[[projects]]
  branch = "master"
  name = "golang.org/x/oauth2"
  packages = [
    ".",
    "internal"
  ]
  revision = "c57b0facaced709681d9f90397429b9430a74754"

[[projects]]
  branch = "master"
  name = "golang.org/x/sys"
  packages = [
    "unix",
    "windows"
  ]
  revision = "4497e2df6f9e69048a54498c7affbbec3294ad47"

[[projects]]
  name = "golang.org/x/text"
  packages = [
    "collate",
    "collate/build",
    "internal/colltab",
    "internal/gen",
    "internal/tag",
    "internal/triegen",
    "internal/ucd",
    "language",
    "secure/bidirule",
    "transform",
    "unicode/bidi",
    "unicode/cldr",
    "unicode/norm",
    "unicode/rangetable"
  ]
  revision = "f21a4dfb5e38f5895301dc265a8def02365cc3d0"
  version = "v0.3.0"

[[projects]]
  name = "google.golang.org/appengine"
  packages = [
    "internal",
    "internal/base",
    "internal/datastore",
    "internal/log",
    "internal/remote_api",
    "internal/urlfetch",
    "urlfetch"
  ]
  revision = "ae0ab99deb4dc413a2b4bd6c8bdd0eb67f1e4d06"
  version = "v1.2.0"

[solve-meta]
  analyzer-name = "dep"
  analyzer-version = 1
  inputs-digest = "5f96b6fbcc4cd6aae2ab9b43e793c60b3483c78fdea3dd3bd24324bb90cebe05"
  solver-name = "gps-cdcl"
  solver-version = 1
